
Microsoft Visual Studio Solution File, Format Version 12.00
# Visual Studio Version 17
VisualStudioVersion = 17.10.35013.160
MinimumVisualStudioVersion = 10.0.40219.1
Project("{FAE04EC0-301F-11D3-BF4B-00C04F79EFBC}") = "API_Project_c", "API_Project_c\API_Project_c.csproj", "{361E935B-E71E-427A-A2CD-89F79819D711}"
EndProject
Global
	GlobalSection(SolutionConfigurationPlatforms) = preSolution
		Debug|Any CPU = Debug|Any CPU
		Release|Any CPU = Release|Any CPU
	EndGlobalSection
	GlobalSection(ProjectConfigurationPlatforms) = postSolution
		{361E935B-E71E-427A-A2CD-89F79819D711}.Debug|Any CPU.ActiveCfg = Debug|Any CPU
		{361E935B-E71E-427A-A2CD-89F79819D711}.Debug|Any CPU.Build.0 = Debug|Any CPU
		{361E935B-E71E-427A-A2CD-89F79819D711}.Release|Any CPU.ActiveCfg = Release|Any CPU
		{361E935B-E71E-427A-A2CD-89F79819D711}.Release|Any CPU.Build.0 = Release|Any CPU
	EndGlobalSection
	GlobalSection(SolutionProperties) = preSolution
		HideSolutionNode = FALSE
	EndGlobalSection
	GlobalSection(ExtensibilityGlobals) = postSolution
		SolutionGuid = {BB560B87-203C-406C-9275-8223047C6F8C}
	EndGlobalSection
EndGlobal
